{
  "name": "event-planner",
  "version": "1.0.0",
  "description": "A simple event planner application",
  "main": "server.js",
  "scripts": {
    "start": "node server.js",
    "test": "jest"
  },
  "dependencies": {},
  "devDependencies": {
    "jest": "^29.0.0"
  },
  "keywords": [],
  "author": "",
  "license": "ISC"
}
